// !$*UTF8*$!
{
	archiveVersion = 1;
	classes = {
	};
	objectVersion = 46;
	objects = {

/* Begin PBXBuildFile section */
		84DE99FD1EE7FAEB00ECEA21 /* main.m in Sources */ = {isa = PBXBuildFile; fileRef = 84DE99FC1EE7FAEB00ECEA21 /* main.m */; };
		84DE9A001EE7FAEB00ECEA21 /* AppDelegate.m in Sources */ = {isa = PBXBuildFile; fileRef = 84DE99FF1EE7FAEB00ECEA21 /* AppDelegate.m */; };
		84DE9A031EE7FAEB00ECEA21 /* ViewController.m in Sources */ = {isa = PBXBuildFile; fileRef = 84DE9A021EE7FAEB00ECEA21 /* ViewController.m */; };
		84DE9A061EE7FAEB00ECEA21 /* Main.storyboard in Resources */ = {isa = PBXBuildFile; fileRef = 84DE9A041EE7FAEB00ECEA21 /* Main.storyboard */; };
		84DE9A081EE7FAEB00ECEA21 /* Assets.xcassets in Resources */ = {isa = PBXBuildFile; fileRef = 84DE9A071EE7FAEB00ECEA21 /* Assets.xcassets */; };
		84DE9A0B1EE7FAEB00ECEA21 /* LaunchScreen.storyboard in Resources */ = {isa = PBXBuildFile; fileRef = 84DE9A091EE7FAEB00ECEA21 /* LaunchScreen.storyboard */; };
		84DE9A161EE7FAEB00ECEA21 /* BigTitleNavigationControllerTests.m in Sources */ = {isa = PBXBuildFile; fileRef = 84DE9A151EE7FAEB00ECEA21 /* BigTitleNavigationControllerTests.m */; };
		84DE9A211EE7FAEB00ECEA21 /* BigTitleNavigationControllerUITests.m in Sources */ = {isa = PBXBuildFile; fileRef = 84DE9A201EE7FAEB00ECEA21 /* BigTitleNavigationControllerUITests.m */; };
		84DE9A401EE807AE00ECEA21 /* ScaleTitleViewController.m in Sources */ = {isa = PBXBuildFile; fileRef = 84DE9A3F1EE807AE00ECEA21 /* ScaleTitleViewController.m */; };
		84DE9A431EE8249500ECEA21 /* ScaleToCenterViewController.m in Sources */ = {isa = PBXBuildFile; fileRef = 84DE9A421EE8249500ECEA21 /* ScaleToCenterViewController.m */; };
		84DE9A4D1EE9246D00ECEA21 /* lk_back_black@2x.png in Resources */ = {isa = PBXBuildFile; fileRef = 84DE9A451EE9246C00ECEA21 /* lk_back_black@2x.png */; };
		84DE9A4E1EE9246D00ECEA21 /* lk_back_black@3x.png in Resources */ = {isa = PBXBuildFile; fileRef = 84DE9A461EE9246C00ECEA21 /* lk_back_black@3x.png */; };
		84DE9A4F1EE9246D00ECEA21 /* SL_BaseViewController.m in Sources */ = {isa = PBXBuildFile; fileRef = 84DE9A481EE9246C00ECEA21 /* SL_BaseViewController.m */; };
		84DE9A501EE9246D00ECEA21 /* SL_NavigationBar.m in Sources */ = {isa = PBXBuildFile; fileRef = 84DE9A4A1EE9246C00ECEA21 /* SL_NavigationBar.m */; };
		84DE9A511EE9246D00ECEA21 /* UIView+SLFrame.m in Sources */ = {isa = PBXBuildFile; fileRef = 84DE9A4C1EE9246D00ECEA21 /* UIView+SLFrame.m */; };
		84DE9A551EE9247200ECEA21 /* UIViewController+ScrollBackground.m in Sources */ = {isa = PBXBuildFile; fileRef = 84DE9A541EE9247200ECEA21 /* UIViewController+ScrollBackground.m */; };
		D8F317401EE877E100949243 /* FadeTitleViewController.m in Sources */ = {isa = PBXBuildFile; fileRef = D8F3173F1EE877E100949243 /* FadeTitleViewController.m */; };
/* End PBXBuildFile section */

/* Begin PBXContainerItemProxy section */
		84DE9A121EE7FAEB00ECEA21 /* PBXContainerItemProxy */ = {
			isa = PBXContainerItemProxy;
			containerPortal = 84DE99F01EE7FAEB00ECEA21 /* Project object */;
			proxyType = 1;
			remoteGlobalIDString = 84DE99F71EE7FAEB00ECEA21;
			remoteInfo = BigTitleNavigationController;
		};
		84DE9A1D1EE7FAEB00ECEA21 /* PBXContainerItemProxy */ = {
			isa = PBXContainerItemProxy;
			containerPortal = 84DE99F01EE7FAEB00ECEA21 /* Project object */;
			proxyType = 1;
			remoteGlobalIDString = 84DE99F71EE7FAEB00ECEA21;
			remoteInfo = BigTitleNavigationController;
		};
/* End PBXContainerItemProxy section */

/* Begin PBXFileReference section */
		84DE99F81EE7FAEB00ECEA21 /* BigTitleNavigationController.app */ = {isa = PBXFileReference; explicitFileType = wrapper.application; includeInIndex = 0; path = BigTitleNavigationController.app; sourceTree = BUILT_PRODUCTS_DIR; };
		84DE99FC1EE7FAEB00ECEA21 /* main.m */ = {isa = PBXFileReference; lastKnownFileType = sourcecode.c.objc; path = main.m; sourceTree = "<group>"; };
		84DE99FE1EE7FAEB00ECEA21 /* AppDelegate.h */ = {isa = PBXFileReference; lastKnownFileType = sourcecode.c.h; path = AppDelegate.h; sourceTree = "<group>"; };
		84DE99FF1EE7FAEB00ECEA21 /* AppDelegate.m */ = {isa = PBXFileReference; lastKnownFileType = sourcecode.c.objc; path = AppDelegate.m; sourceTree = "<group>"; };
		84DE9A011EE7FAEB00ECEA21 /* ViewController.h */ = {isa = PBXFileReference; lastKnownFileType = sourcecode.c.h; path = ViewController.h; sourceTree = "<group>"; };
		84DE9A021EE7FAEB00ECEA21 /* ViewController.m */ = {isa = PBXFileReference; lastKnownFileType = sourcecode.c.objc; path = ViewController.m; sourceTree = "<group>"; };
		84DE9A051EE7FAEB00ECEA21 /* Base */ = {isa = PBXFileReference; lastKnownFileType = file.storyboard; name = Base; path = Base.lproj/Main.storyboard; sourceTree = "<group>"; };
		84DE9A071EE7FAEB00ECEA21 /* Assets.xcassets */ = {isa = PBXFileReference; lastKnownFileType = folder.assetcatalog; path = Assets.xcassets; sourceTree = "<group>"; };
		84DE9A0A1EE7FAEB00ECEA21 /* Base */ = {isa = PBXFileReference; lastKnownFileType = file.storyboard; name = Base; path = Base.lproj/LaunchScreen.storyboard; sourceTree = "<group>"; };
		84DE9A0C1EE7FAEB00ECEA21 /* Info.plist */ = {isa = PBXFileReference; lastKnownFileType = text.plist.xml; path = Info.plist; sourceTree = "<group>"; };
		84DE9A111EE7FAEB00ECEA21 /* BigTitleNavigationControllerTests.xctest */ = {isa = PBXFileReference; explicitFileType = wrapper.cfbundle; includeInIndex = 0; path = BigTitleNavigationControllerTests.xctest; sourceTree = BUILT_PRODUCTS_DIR; };
		84DE9A151EE7FAEB00ECEA21 /* BigTitleNavigationControllerTests.m */ = {isa = PBXFileReference; lastKnownFileType = sourcecode.c.objc; path = BigTitleNavigationControllerTests.m; sourceTree = "<group>"; };
		84DE9A171EE7FAEB00ECEA21 /* Info.plist */ = {isa = PBXFileReference; lastKnownFileType = text.plist.xml; path = Info.plist; sourceTree = "<group>"; };
		84DE9A1C1EE7FAEB00ECEA21 /* BigTitleNavigationControllerUITests.xctest */ = {isa = PBXFileReference; explicitFileType = wrapper.cfbundle; includeInIndex = 0; path = BigTitleNavigationControllerUITests.xctest; sourceTree = BUILT_PRODUCTS_DIR; };
		84DE9A201EE7FAEB00ECEA21 /* BigTitleNavigationControllerUITests.m */ = {isa = PBXFileReference; lastKnownFileType = sourcecode.c.objc; path = BigTitleNavigationControllerUITests.m; sourceTree = "<group>"; };
		84DE9A221EE7FAEB00ECEA21 /* Info.plist */ = {isa = PBXFileReference; lastKnownFileType = text.plist.xml; path = Info.plist; sourceTree = "<group>"; };
		84DE9A3E1EE807AE00ECEA21 /* ScaleTitleViewController.h */ = {isa = PBXFileReference; fileEncoding = 4; lastKnownFileType = sourcecode.c.h; path = ScaleTitleViewController.h; sourceTree = "<group>"; };
		84DE9A3F1EE807AE00ECEA21 /* ScaleTitleViewController.m */ = {isa = PBXFileReference; fileEncoding = 4; lastKnownFileType = sourcecode.c.objc; path = ScaleTitleViewController.m; sourceTree = "<group>"; };
		84DE9A411EE8249500ECEA21 /* ScaleToCenterViewController.h */ = {isa = PBXFileReference; fileEncoding = 4; lastKnownFileType = sourcecode.c.h; path = ScaleToCenterViewController.h; sourceTree = "<group>"; };
		84DE9A421EE8249500ECEA21 /* ScaleToCenterViewController.m */ = {isa = PBXFileReference; fileEncoding = 4; lastKnownFileType = sourcecode.c.objc; path = ScaleToCenterViewController.m; sourceTree = "<group>"; };
		84DE9A451EE9246C00ECEA21 /* lk_back_black@2x.png */ = {isa = PBXFileReference; lastKnownFileType = image.png; path = "lk_back_black@2x.png"; sourceTree = "<group>"; };
		84DE9A461EE9246C00ECEA21 /* lk_back_black@3x.png */ = {isa = PBXFileReference; lastKnownFileType = image.png; path = "lk_back_black@3x.png"; sourceTree = "<group>"; };
		84DE9A471EE9246C00ECEA21 /* SL_BaseViewController.h */ = {isa = PBXFileReference; fileEncoding = 4; lastKnownFileType = sourcecode.c.h; path = SL_BaseViewController.h; sourceTree = "<group>"; };
		84DE9A481EE9246C00ECEA21 /* SL_BaseViewController.m */ = {isa = PBXFileReference; fileEncoding = 4; lastKnownFileType = sourcecode.c.objc; path = SL_BaseViewController.m; sourceTree = "<group>"; };
		84DE9A491EE9246C00ECEA21 /* SL_NavigationBar.h */ = {isa = PBXFileReference; fileEncoding = 4; lastKnownFileType = sourcecode.c.h; path = SL_NavigationBar.h; sourceTree = "<group>"; };
		84DE9A4A1EE9246C00ECEA21 /* SL_NavigationBar.m */ = {isa = PBXFileReference; fileEncoding = 4; lastKnownFileType = sourcecode.c.objc; path = SL_NavigationBar.m; sourceTree = "<group>"; };
		84DE9A4B1EE9246C00ECEA21 /* UIView+SLFrame.h */ = {isa = PBXFileReference; fileEncoding = 4; lastKnownFileType = sourcecode.c.h; path = "UIView+SLFrame.h"; sourceTree = "<group>"; };
		84DE9A4C1EE9246D00ECEA21 /* UIView+SLFrame.m */ = {isa = PBXFileReference; fileEncoding = 4; lastKnownFileType = sourcecode.c.objc; path = "UIView+SLFrame.m"; sourceTree = "<group>"; };
		84DE9A531EE9247200ECEA21 /* UIViewController+ScrollBackground.h */ = {isa = PBXFileReference; fileEncoding = 4; lastKnownFileType = sourcecode.c.h; path = "UIViewController+ScrollBackground.h"; sourceTree = "<group>"; };
		84DE9A541EE9247200ECEA21 /* UIViewController+ScrollBackground.m */ = {isa = PBXFileReference; fileEncoding = 4; lastKnownFileType = sourcecode.c.objc; path = "UIViewController+ScrollBackground.m"; sourceTree = "<group>"; };
		D8F3173E1EE877E100949243 /* FadeTitleViewController.h */ = {isa = PBXFileReference; fileEncoding = 4; lastKnownFileType = sourcecode.c.h; path = FadeTitleViewController.h; sourceTree = "<group>"; };
		D8F3173F1EE877E100949243 /* FadeTitleViewController.m */ = {isa = PBXFileReference; fileEncoding = 4; lastKnownFileType = sourcecode.c.objc; path = FadeTitleViewController.m; sourceTree = "<group>"; };
/* End PBXFileReference section */

/* Begin PBXFrameworksBuildPhase section */
		84DE99F51EE7FAEB00ECEA21 /* Frameworks */ = {
			isa = PBXFrameworksBuildPhase;
			buildActionMask = 2147483647;
			files = (
			);
			runOnlyForDeploymentPostprocessing = 0;
		};
		84DE9A0E1EE7FAEB00ECEA21 /* Frameworks */ = {
			isa = PBXFrameworksBuildPhase;
			buildActionMask = 2147483647;
			files = (
			);
			runOnlyForDeploymentPostprocessing = 0;
		};
		84DE9A191EE7FAEB00ECEA21 /* Frameworks */ = {
			isa = PBXFrameworksBuildPhase;
			buildActionMask = 2147483647;
			files = (
			);
			runOnlyForDeploymentPostprocessing = 0;
		};
/* End PBXFrameworksBuildPhase section */

/* Begin PBXGroup section */
		84DE99EF1EE7FAEB00ECEA21 = {
			isa = PBXGroup;
			children = (
				84DE99FA1EE7FAEB00ECEA21 /* BigTitleNavigationController */,
				84DE9A141EE7FAEB00ECEA21 /* BigTitleNavigationControllerTests */,
				84DE9A1F1EE7FAEB00ECEA21 /* BigTitleNavigationControllerUITests */,
				84DE99F91EE7FAEB00ECEA21 /* Products */,
			);
			sourceTree = "<group>";
		};
		84DE99F91EE7FAEB00ECEA21 /* Products */ = {
			isa = PBXGroup;
			children = (
				84DE99F81EE7FAEB00ECEA21 /* BigTitleNavigationController.app */,
				84DE9A111EE7FAEB00ECEA21 /* BigTitleNavigationControllerTests.xctest */,
				84DE9A1C1EE7FAEB00ECEA21 /* BigTitleNavigationControllerUITests.xctest */,
			);
			name = Products;
			sourceTree = "<group>";
		};
		84DE99FA1EE7FAEB00ECEA21 /* BigTitleNavigationController */ = {
			isa = PBXGroup;
			children = (
				84DE99FE1EE7FAEB00ECEA21 /* AppDelegate.h */,
				84DE99FF1EE7FAEB00ECEA21 /* AppDelegate.m */,
				84DE9A011EE7FAEB00ECEA21 /* ViewController.h */,
				84DE9A021EE7FAEB00ECEA21 /* ViewController.m */,
				84DE9A3E1EE807AE00ECEA21 /* ScaleTitleViewController.h */,
				84DE9A3F1EE807AE00ECEA21 /* ScaleTitleViewController.m */,
				84DE9A411EE8249500ECEA21 /* ScaleToCenterViewController.h */,
				84DE9A421EE8249500ECEA21 /* ScaleToCenterViewController.m */,
				D8F3173E1EE877E100949243 /* FadeTitleViewController.h */,
				D8F3173F1EE877E100949243 /* FadeTitleViewController.m */,
				84DE9A521EE9247200ECEA21 /* UIViewControllerScroll */,
				84DE9A441EE9246C00ECEA21 /* BigTitleController */,
				84DE9A041EE7FAEB00ECEA21 /* Main.storyboard */,
				84DE9A071EE7FAEB00ECEA21 /* Assets.xcassets */,
				84DE9A091EE7FAEB00ECEA21 /* LaunchScreen.storyboard */,
				84DE9A0C1EE7FAEB00ECEA21 /* Info.plist */,
				84DE99FB1EE7FAEB00ECEA21 /* Supporting Files */,
			);
			path = BigTitleNavigationController;
			sourceTree = "<group>";
		};
		84DE99FB1EE7FAEB00ECEA21 /* Supporting Files */ = {
			isa = PBXGroup;
			children = (
				84DE99FC1EE7FAEB00ECEA21 /* main.m */,
			);
			name = "Supporting Files";
			sourceTree = "<group>";
		};
		84DE9A141EE7FAEB00ECEA21 /* BigTitleNavigationControllerTests */ = {
			isa = PBXGroup;
			children = (
				84DE9A151EE7FAEB00ECEA21 /* BigTitleNavigationControllerTests.m */,
				84DE9A171EE7FAEB00ECEA21 /* Info.plist */,
			);
			path = BigTitleNavigationControllerTests;
			sourceTree = "<group>";
		};
		84DE9A1F1EE7FAEB00ECEA21 /* BigTitleNavigationControllerUITests */ = {
			isa = PBXGroup;
			children = (
				84DE9A201EE7FAEB00ECEA21 /* BigTitleNavigationControllerUITests.m */,
				84DE9A221EE7FAEB00ECEA21 /* Info.plist */,
			);
			path = BigTitleNavigationControllerUITests;
			sourceTree = "<group>";
		};
		84DE9A441EE9246C00ECEA21 /* BigTitleController */ = {
			isa = PBXGroup;
			children = (
				84DE9A451EE9246C00ECEA21 /* lk_back_black@2x.png */,
				84DE9A461EE9246C00ECEA21 /* lk_back_black@3x.png */,
				84DE9A471EE9246C00ECEA21 /* SL_BaseViewController.h */,
				84DE9A481EE9246C00ECEA21 /* SL_BaseViewController.m */,
				84DE9A491EE9246C00ECEA21 /* SL_NavigationBar.h */,
				84DE9A4A1EE9246C00ECEA21 /* SL_NavigationBar.m */,
				84DE9A4B1EE9246C00ECEA21 /* UIView+SLFrame.h */,
				84DE9A4C1EE9246D00ECEA21 /* UIView+SLFrame.m */,
			);
			path = BigTitleController;
			sourceTree = SOURCE_ROOT;
		};
		84DE9A521EE9247200ECEA21 /* UIViewControllerScroll */ = {
			isa = PBXGroup;
			children = (
				84DE9A531EE9247200ECEA21 /* UIViewController+ScrollBackground.h */,
				84DE9A541EE9247200ECEA21 /* UIViewController+ScrollBackground.m */,
			);
			path = UIViewControllerScroll;
			sourceTree = SOURCE_ROOT;
		};
/* End PBXGroup section */

/* Begin PBXNativeTarget section */
		84DE99F71EE7FAEB00ECEA21 /* BigTitleNavigationController */ = {
			isa = PBXNativeTarget;
			buildConfigurationList = 84DE9A251EE7FAEB00ECEA21 /* Build configuration list for PBXNativeTarget "BigTitleNavigationController" */;
			buildPhases = (
				84DE99F41EE7FAEB00ECEA21 /* Sources */,
				84DE99F51EE7FAEB00ECEA21 /* Frameworks */,
				84DE99F61EE7FAEB00ECEA21 /* Resources */,
			);
			buildRules = (
			);
			dependencies = (
			);
			name = BigTitleNavigationController;
			productName = BigTitleNavigationController;
			productReference = 84DE99F81EE7FAEB00ECEA21 /* BigTitleNavigationController.app */;
			productType = "com.apple.product-type.application";
		};
		84DE9A101EE7FAEB00ECEA21 /* BigTitleNavigationControllerTests */ = {
			isa = PBXNativeTarget;
			buildConfigurationList = 84DE9A281EE7FAEB00ECEA21 /* Build configuration list for PBXNativeTarget "BigTitleNavigationControllerTests" */;
			buildPhases = (
				84DE9A0D1EE7FAEB00ECEA21 /* Sources */,
				84DE9A0E1EE7FAEB00ECEA21 /* Frameworks */,
				84DE9A0F1EE7FAEB00ECEA21 /* Resources */,
			);
			buildRules = (
			);
			dependencies = (
				84DE9A131EE7FAEB00ECEA21 /* PBXTargetDependency */,
			);
			name = BigTitleNavigationControllerTests;
			productName = BigTitleNavigationControllerTests;
			productReference = 84DE9A111EE7FAEB00ECEA21 /* BigTitleNavigationControllerTests.xctest */;
			productType = "com.apple.product-type.bundle.unit-test";
		};
		84DE9A1B1EE7FAEB00ECEA21 /* BigTitleNavigationControllerUITests */ = {
			isa = PBXNativeTarget;
			buildConfigurationList = 84DE9A2B1EE7FAEB00ECEA21 /* Build configuration list for PBXNativeTarget "BigTitleNavigationControllerUITests" */;
			buildPhases = (
				84DE9A181EE7FAEB00ECEA21 /* Sources */,
				84DE9A191EE7FAEB00ECEA21 /* Frameworks */,
				84DE9A1A1EE7FAEB00ECEA21 /* Resources */,
			);
			buildRules = (
			);
			dependencies = (
				84DE9A1E1EE7FAEB00ECEA21 /* PBXTargetDependency */,
			);
			name = BigTitleNavigationControllerUITests;
			productName = BigTitleNavigationControllerUITests;
			productReference = 84DE9A1C1EE7FAEB00ECEA21 /* BigTitleNavigationControllerUITests.xctest */;
			productType = "com.apple.product-type.bundle.ui-testing";
		};
/* End PBXNativeTarget section */

/* Begin PBXProject section */
		84DE99F01EE7FAEB00ECEA21 /* Project object */ = {
			isa = PBXProject;
			attributes = {
				LastUpgradeCheck = 0830;
				ORGANIZATIONNAME = admin;
				TargetAttributes = {
					84DE99F71EE7FAEB00ECEA21 = {
						CreatedOnToolsVersion = 8.3.2;
						ProvisioningStyle = Automatic;
					};
					84DE9A101EE7FAEB00ECEA21 = {
						CreatedOnToolsVersion = 8.3.2;
						ProvisioningStyle = Automatic;
						TestTargetID = 84DE99F71EE7FAEB00ECEA21;
					};
					84DE9A1B1EE7FAEB00ECEA21 = {
						CreatedOnToolsVersion = 8.3.2;
						ProvisioningStyle = Automatic;
						TestTargetID = 84DE99F71EE7FAEB00ECEA21;
					};
				};
			};
			buildConfigurationList = 84DE99F31EE7FAEB00ECEA21 /* Build configuration list for PBXProject "BigTitleNavigationController" */;
			compatibilityVersion = "Xcode 3.2";
			developmentRegion = English;
			hasScannedForEncodings = 0;
			knownRegions = (
				en,
				Base,
			);
			mainGroup = 84DE99EF1EE7FAEB00ECEA21;
			productRefGroup = 84DE99F91EE7FAEB00ECEA21 /* Products */;
			projectDirPath = "";
			projectRoot = "";
			targets = (
				84DE99F71EE7FAEB00ECEA21 /* BigTitleNavigationController */,
				84DE9A101EE7FAEB00ECEA21 /* BigTitleNavigationControllerTests */,
				84DE9A1B1EE7FAEB00ECEA21 /* BigTitleNavigationControllerUITests */,
			);
		};
/* End PBXProject section */

/* Begin PBXResourcesBuildPhase section */
		84DE99F61EE7FAEB00ECEA21 /* Resources */ = {
			isa = PBXResourcesBuildPhase;
			buildActionMask = 2147483647;
			files = (
				84DE9A4D1EE9246D00ECEA21 /* lk_back_black@2x.png in Resources */,
				84DE9A0B1EE7FAEB00ECEA21 /* LaunchScreen.storyboard in Resources */,
				84DE9A4E1EE9246D00ECEA21 /* lk_back_black@3x.png in Resources */,
				84DE9A081EE7FAEB00ECEA21 /* Assets.xcassets in Resources */,
				84DE9A061EE7FAEB00ECEA21 /* Main.storyboard in Resources */,
			);
			runOnlyForDeploymentPostprocessing = 0;
		};
		84DE9A0F1EE7FAEB00ECEA21 /* Resources */ = {
			isa = PBXResourcesBuildPhase;
			buildActionMask = 2147483647;
			files = (
			);
			runOnlyForDeploymentPostprocessing = 0;
		};
		84DE9A1A1EE7FAEB00ECEA21 /* Resources */ = {
			isa = PBXResourcesBuildPhase;
			buildActionMask = 2147483647;
			files = (
			);
			runOnlyForDeploymentPostprocessing = 0;
		};
/* End PBXResourcesBuildPhase section */

/* Begin PBXSourcesBuildPhase section */
		84DE99F41EE7FAEB00ECEA21 /* Sources */ = {
			isa = PBXSourcesBuildPhase;
			buildActionMask = 2147483647;
			files = (
				84DE9A501EE9246D00ECEA21 /* SL_NavigationBar.m in Sources */,
				84DE9A551EE9247200ECEA21 /* UIViewController+ScrollBackground.m in Sources */,
				84DE9A031EE7FAEB00ECEA21 /* ViewController.m in Sources */,
				D8F317401EE877E100949243 /* FadeTitleViewController.m in Sources */,
				84DE9A4F1EE9246D00ECEA21 /* SL_BaseViewController.m in Sources */,
				84DE9A001EE7FAEB00ECEA21 /* AppDelegate.m in Sources */,
				84DE9A401EE807AE00ECEA21 /* ScaleTitleViewController.m in Sources */,
				84DE99FD1EE7FAEB00ECEA21 /* main.m in Sources */,
				84DE9A431EE8249500ECEA21 /* ScaleToCenterViewController.m in Sources */,
				84DE9A511EE9246D00ECEA21 /* UIView+SLFrame.m in Sources */,
			);
			runOnlyForDeploymentPostprocessing = 0;
		};
		84DE9A0D1EE7FAEB00ECEA21 /* Sources */ = {
			isa = PBXSourcesBuildPhase;
			buildActionMask = 2147483647;
			files = (
				84DE9A161EE7FAEB00ECEA21 /* BigTitleNavigationControllerTests.m in Sources */,
			);
			runOnlyForDeploymentPostprocessing = 0;
		};
		84DE9A181EE7FAEB00ECEA21 /* Sources */ = {
			isa = PBXSourcesBuildPhase;
			buildActionMask = 2147483647;
			files = (
				84DE9A211EE7FAEB00ECEA21 /* BigTitleNavigationControllerUITests.m in Sources */,
			);
			runOnlyForDeploymentPostprocessing = 0;
		};
/* End PBXSourcesBuildPhase section */

/* Begin PBXTargetDependency section */
		84DE9A131EE7FAEB00ECEA21 /* PBXTargetDependency */ = {
			isa = PBXTargetDependency;
			target = 84DE99F71EE7FAEB00ECEA21 /* BigTitleNavigationController */;
			targetProxy = 84DE9A121EE7FAEB00ECEA21 /* PBXContainerItemProxy */;
		};
		84DE9A1E1EE7FAEB00ECEA21 /* PBXTargetDependency */ = {
			isa = PBXTargetDependency;
			target = 84DE99F71EE7FAEB00ECEA21 /* BigTitleNavigationController */;
			targetProxy = 84DE9A1D1EE7FAEB00ECEA21 /* PBXContainerItemProxy */;
		};
/* End PBXTargetDependency section */

/* Begin PBXVariantGroup section */
		84DE9A041EE7FAEB00ECEA21 /* Main.storyboard */ = {
			isa = PBXVariantGroup;
			children = (
				84DE9A051EE7FAEB00ECEA21 /* Base */,
			);
			name = Main.storyboard;
			sourceTree = "<group>";
		};
		84DE9A091EE7FAEB00ECEA21 /* LaunchScreen.storyboard */ = {
			isa = PBXVariantGroup;
			children = (
				84DE9A0A1EE7FAEB00ECEA21 /* Base */,
			);
			name = LaunchScreen.storyboard;
			sourceTree = "<group>";
		};
/* End PBXVariantGroup section */

/* Begin XCBuildConfiguration section */
		84DE9A231EE7FAEB00ECEA21 /* Debug */ = {
			isa = XCBuildConfiguration;
			buildSettings = {
				ALWAYS_SEARCH_USER_PATHS = NO;
				CLANG_ANALYZER_NONNULL = YES;
				CLANG_ANALYZER_NUMBER_OBJECT_CONVERSION = YES_AGGRESSIVE;
				CLANG_CXX_LANGUAGE_STANDARD = "gnu++0x";
				CLANG_CXX_LIBRARY = "libc++";
				CLANG_ENABLE_MODULES = YES;
				CLANG_ENABLE_OBJC_ARC = YES;
				CLANG_WARN_BOOL_CONVERSION = YES;
				CLANG_WARN_CONSTANT_CONVERSION = YES;
				CLANG_WARN_DIRECT_OBJC_ISA_USAGE = YES_ERROR;
				CLANG_WARN_DOCUMENTATION_COMMENTS = YES;
				CLANG_WARN_EMPTY_BODY = YES;
				CLANG_WARN_ENUM_CONVERSION = YES;
				CLANG_WARN_INFINITE_RECURSION = YES;
				CLANG_WARN_INT_CONVERSION = YES;
				CLANG_WARN_OBJC_ROOT_CLASS = YES_ERROR;
				CLANG_WARN_SUSPICIOUS_MOVE = YES;
				CLANG_WARN_UNREACHABLE_CODE = YES;
				CLANG_WARN__DUPLICATE_METHOD_MATCH = YES;
				"CODE_SIGN_IDENTITY[sdk=iphoneos*]" = "iPhone Developer";
				COPY_PHASE_STRIP = NO;
				DEBUG_INFORMATION_FORMAT = dwarf;
				ENABLE_STRICT_OBJC_MSGSEND = YES;
				ENABLE_TESTABILITY = YES;
				GCC_C_LANGUAGE_STANDARD = gnu99;
				GCC_DYNAMIC_NO_PIC = NO;
				GCC_NO_COMMON_BLOCKS = YES;
				GCC_OPTIMIZATION_LEVEL = 0;
				GCC_PREPROCESSOR_DEFINITIONS = (
					"DEBUG=1",
					"$(inherited)",
				);
				GCC_WARN_64_TO_32_BIT_CONVERSION = YES;
				GCC_WARN_ABOUT_RETURN_TYPE = YES_ERROR;
				GCC_WARN_UNDECLARED_SELECTOR = YES;
				GCC_WARN_UNINITIALIZED_AUTOS = YES_AGGRESSIVE;
				GCC_WARN_UNUSED_FUNCTION = YES;
				GCC_WARN_UNUSED_VARIABLE = YES;
				IPHONEOS_DEPLOYMENT_TARGET = 10.3;
				MTL_ENABLE_DEBUG_INFO = YES;
				ONLY_ACTIVE_ARCH = YES;
				SDKROOT = iphoneos;
			};
			name = Debug;
		};
		84DE9A241EE7FAEB00ECEA21 /* Release */ = {
			isa = XCBuildConfiguration;
			buildSettings = {
				ALWAYS_SEARCH_USER_PATHS = NO;
				CLANG_ANALYZER_NONNULL = YES;
				CLANG_ANALYZER_NUMBER_OBJECT_CONVERSION = YES_AGGRESSIVE;
				CLANG_CXX_LANGUAGE_STANDARD = "gnu++0x";
				CLANG_CXX_LIBRARY = "libc++";
				CLANG_ENABLE_MODULES = YES;
				CLANG_ENABLE_OBJC_ARC = YES;
				CLANG_WARN_BOOL_CONVERSION = YES;
				CLANG_WARN_CONSTANT_CONVERSION = YES;
				CLANG_WARN_DIRECT_OBJC_ISA_USAGE = YES_ERROR;
				CLANG_WARN_DOCUMENTATION_COMMENTS = YES;
				CLANG_WARN_EMPTY_BODY = YES;
				CLANG_WARN_ENUM_CONVERSION = YES;
				CLANG_WARN_INFINITE_RECURSION = YES;
				CLANG_WARN_INT_CONVERSION = YES;
				CLANG_WARN_OBJC_ROOT_CLASS = YES_ERROR;
				CLANG_WARN_SUSPICIOUS_MOVE = YES;
				CLANG_WARN_UNREACHABLE_CODE = YES;
				CLANG_WARN__DUPLICATE_METHOD_MATCH = YES;
				"CODE_SIGN_IDENTITY[sdk=iphoneos*]" = "iPhone Developer";
				COPY_PHASE_STRIP = NO;
				DEBUG_INFORMATION_FORMAT = "dwarf-with-dsym";
				ENABLE_NS_ASSERTIONS = NO;
				ENABLE_STRICT_OBJC_MSGSEND = YES;
				GCC_C_LANGUAGE_STANDARD = gnu99;
				GCC_NO_COMMON_BLOCKS = YES;
				GCC_WARN_64_TO_32_BIT_CONVERSION = YES;
				GCC_WARN_ABOUT_RETURN_TYPE = YES_ERROR;
				GCC_WARN_UNDECLARED_SELECTOR = YES;
				GCC_WARN_UNINITIALIZED_AUTOS = YES_AGGRESSIVE;
				GCC_WARN_UNUSED_FUNCTION = YES;
				GCC_WARN_UNUSED_VARIABLE = YES;
				IPHONEOS_DEPLOYMENT_TARGET = 10.3;
				MTL_ENABLE_DEBUG_INFO = NO;
				SDKROOT = iphoneos;
				VALIDATE_PRODUCT = YES;
			};
			name = Release;
		};
		84DE9A261EE7FAEB00ECEA21 /* Debug */ = {
			isa = XCBuildConfiguration;
			buildSettings = {
				ASSETCATALOG_COMPILER_APPICON_NAME = AppIcon;
				INFOPLIST_FILE = BigTitleNavigationController/Info.plist;
				IPHONEOS_DEPLOYMENT_TARGET = 6.0;
				LD_RUNPATH_SEARCH_PATHS = "$(inherited) @executable_path/Frameworks";
				PRODUCT_BUNDLE_IDENTIFIER = com.BigTitleNavigationController;
				PRODUCT_NAME = "$(TARGET_NAME)";
			};
			name = Debug;
		};
		84DE9A271EE7FAEB00ECEA21 /* Release */ = {
			isa = XCBuildConfiguration;
			buildSettings = {
				ASSETCATALOG_COMPILER_APPICON_NAME = AppIcon;
				INFOPLIST_FILE = BigTitleNavigationController/Info.plist;
				IPHONEOS_DEPLOYMENT_TARGET = 6.0;
				LD_RUNPATH_SEARCH_PATHS = "$(inherited) @executable_path/Frameworks";
				PRODUCT_BUNDLE_IDENTIFIER = com.BigTitleNavigationController;
				PRODUCT_NAME = "$(TARGET_NAME)";
			};
			name = Release;
		};
		84DE9A291EE7FAEB00ECEA21 /* Debug */ = {
			isa = XCBuildConfiguration;
			buildSettings = {
				BUNDLE_LOADER = "$(TEST_HOST)";
				INFOPLIST_FILE = BigTitleNavigationControllerTests/Info.plist;
				LD_RUNPATH_SEARCH_PATHS = "$(inherited) @executable_path/Frameworks @loader_path/Frameworks";
				PRODUCT_BUNDLE_IDENTIFIER = com.BigTitleNavigationControllerTests;
				PRODUCT_NAME = "$(TARGET_NAME)";
				TEST_HOST = "$(BUILT_PRODUCTS_DIR)/BigTitleNavigationController.app/BigTitleNavigationController";
			};
			name = Debug;
		};
		84DE9A2A1EE7FAEB00ECEA21 /* Release */ = {
			isa = XCBuildConfiguration;
			buildSettings = {
				BUNDLE_LOADER = "$(TEST_HOST)";
				INFOPLIST_FILE = BigTitleNavigationControllerTests/Info.plist;
				LD_RUNPATH_SEARCH_PATHS = "$(inherited) @executable_path/Frameworks @loader_path/Frameworks";
				PRODUCT_BUNDLE_IDENTIFIER = com.BigTitleNavigationControllerTests;
				PRODUCT_NAME = "$(TARGET_NAME)";
				TEST_HOST = "$(BUILT_PRODUCTS_DIR)/BigTitleNavigationController.app/BigTitleNavigationController";
			};
			name = Release;
		};
		84DE9A2C1EE7FAEB00ECEA21 /* Debug */ = {
			isa = XCBuildConfiguration;
			buildSettings = {
				INFOPLIST_FILE = BigTitleNavigationControllerUITests/Info.plist;
				LD_RUNPATH_SEARCH_PATHS = "$(inherited) @executable_path/Frameworks @loader_path/Frameworks";
				PRODUCT_BUNDLE_IDENTIFIER = com.BigTitleNavigationControllerUITests;
				PRODUCT_NAME = "$(TARGET_NAME)";
				TEST_TARGET_NAME = BigTitleNavigationController;
			};
			name = Debug;
		};
		84DE9A2D1EE7FAEB00ECEA21 /* Release */ = {
			isa = XCBuildConfiguration;
			buildSettings = {
				INFOPLIST_FILE = BigTitleNavigationControllerUITests/Info.plist;
				LD_RUNPATH_SEARCH_PATHS = "$(inherited) @executable_path/Frameworks @loader_path/Frameworks";
				PRODUCT_BUNDLE_IDENTIFIER = com.BigTitleNavigationControllerUITests;
				PRODUCT_NAME = "$(TARGET_NAME)";
				TEST_TARGET_NAME = BigTitleNavigationController;
			};
			name = Release;
		};
/* End XCBuildConfiguration section */

/* Begin XCConfigurationList section */
		84DE99F31EE7FAEB00ECEA21 /* Build configuration list for PBXProject "BigTitleNavigationController" */ = {
			isa = XCConfigurationList;
			buildConfigurations = (
				84DE9A231EE7FAEB00ECEA21 /* Debug */,
				84DE9A241EE7FAEB00ECEA21 /* Release */,
			);
			defaultConfigurationIsVisible = 0;
			defaultConfigurationName = Release;
		};
		84DE9A251EE7FAEB00ECEA21 /* Build configuration list for PBXNativeTarget "BigTitleNavigationController" */ = {
			isa = XCConfigurationList;
			buildConfigurations = (
				84DE9A261EE7FAEB00ECEA21 /* Debug */,
				84DE9A271EE7FAEB00ECEA21 /* Release */,
			);
			defaultConfigurationIsVisible = 0;
			defaultConfigurationName = Release;
		};
		84DE9A281EE7FAEB00ECEA21 /* Build configuration list for PBXNativeTarget "BigTitleNavigationControllerTests" */ = {
			isa = XCConfigurationList;
			buildConfigurations = (
				84DE9A291EE7FAEB00ECEA21 /* Debug */,
				84DE9A2A1EE7FAEB00ECEA21 /* Release */,
			);
			defaultConfigurationIsVisible = 0;
			defaultConfigurationName = Release;
		};
		84DE9A2B1EE7FAEB00ECEA21 /* Build configuration list for PBXNativeTarget "BigTitleNavigationControllerUITests" */ = {
			isa = XCConfigurationList;
			buildConfigurations = (
				84DE9A2C1EE7FAEB00ECEA21 /* Debug */,
				84DE9A2D1EE7FAEB00ECEA21 /* Release */,
			);
			defaultConfigurationIsVisible = 0;
			defaultConfigurationName = Release;
		};
/* End XCConfigurationList section */
	};
	rootObject = 84DE99F01EE7FAEB00ECEA21 /* Project object */;
}
